Microsoft Visual Studio Solution File, Format Version 12.00
# Visual Studio Version 17
VisualStudioVersion = 17.5.2.0
MinimumVisualStudioVersion = 10.0.40219.1
Project("{2150E333-8FDC-42A3-9474-1A3956D46DE8}") = "api-gateways", "api-gateways", "{B02C40AE-2AF0-8150-FC55-8E30FACDCFA3}"
EndProject
Project("{2150E333-8FDC-42A3-9474-1A3956D46DE8}") = "building-blocks", "building-blocks", "{31CBEB51-93DC-9CA1-DA8D-67643319BEE1}"
EndProject
Project("{2150E333-8FDC-42A3-9474-1A3956D46DE8}") = "services", "services", "{5854FF58-B8C5-05C6-5BF2-ACE42193F22B}"
EndProject
Project("{FAE04EC0-301F-11D3-BF4B-00C04F79EFBC}") = "AcademyIO.Bff", "api-gateways\AcademyIO.Bff\AcademyIO.Bff.csproj", "{64D36537-EA7D-DD1E-E0B5-4648B3ACD251}"
EndProject
Project("{FAE04EC0-301F-11D3-BF4B-00C04F79EFBC}") = "AcademyIO.Core", "building-blocks\AcademyIO.Core\AcademyIO.Core.csproj", "{C8A3D79F-CF07-BADC-9AF2-81340C43E16B}"
EndProject
Project("{FAE04EC0-301F-11D3-BF4B-00C04F79EFBC}") = "AcademyIO.MessageBus", "building-blocks\AcademyIO.MessageBus\AcademyIO.MessageBus.csproj", "{3EEAC12A-D16A-FD5D-9A29-EBED21E697DD}"
EndProject
Project("{FAE04EC0-301F-11D3-BF4B-00C04F79EFBC}") = "AcademyIO.WebAPI.Core", "building-blocks\AcademyIO.WebAPI.Core\AcademyIO.WebAPI.Core.csproj", "{E80F93DE-904D-BB47-2CC0-84885F4572EC}"
EndProject
Project("{FAE04EC0-301F-11D3-BF4B-00C04F79EFBC}") = "AcademyIO.Auth.API", "services\AcademyIO.Auth.API\AcademyIO.Auth.API.csproj", "{3F08CDAE-BBAF-A61A-5F50-EC46E8E10A35}"
EndProject
Project("{FAE04EC0-301F-11D3-BF4B-00C04F79EFBC}") = "AcademyIO.Courses.API", "services\AcademyIO.Courses.API\AcademyIO.Courses.API.csproj", "{49754992-C190-E17F-5D9B-A069BFC075CA}"
EndProject
Project("{FAE04EC0-301F-11D3-BF4B-00C04F79EFBC}") = "AcademyIO.Payments.API", "services\AcademyIO.Payments.API\AcademyIO.Payments.API.csproj", "{FADE0B9B-D0C5-85D3-ADFE-5AA2AB5043D6}"
EndProject
Project("{FAE04EC0-301F-11D3-BF4B-00C04F79EFBC}") = "AcademyIO.Students.API", "services\AcademyIO.Students.API\AcademyIO.Students.API.csproj", "{F7D47453-ED9C-9AF9-9BEC-1920A96EE81F}"
EndProject
Global
	GlobalSection(SolutionConfigurationPlatforms) = preSolution
		Debug|Any CPU = Debug|Any CPU
		Release|Any CPU = Release|Any CPU
	EndGlobalSection
	GlobalSection(ProjectConfigurationPlatforms) = postSolution
		{64D36537-EA7D-DD1E-E0B5-4648B3ACD251}.Debug|Any CPU.ActiveCfg = Debug|Any CPU
		{64D36537-EA7D-DD1E-E0B5-4648B3ACD251}.Debug|Any CPU.Build.0 = Debug|Any CPU
		{64D36537-EA7D-DD1E-E0B5-4648B3ACD251}.Release|Any CPU.ActiveCfg = Release|Any CPU
		{64D36537-EA7D-DD1E-E0B5-4648B3ACD251}.Release|Any CPU.Build.0 = Release|Any CPU
		{C8A3D79F-CF07-BADC-9AF2-81340C43E16B}.Debug|Any CPU.ActiveCfg = Debug|Any CPU
		{C8A3D79F-CF07-BADC-9AF2-81340C43E16B}.Debug|Any CPU.Build.0 = Debug|Any CPU
		{C8A3D79F-CF07-BADC-9AF2-81340C43E16B}.Release|Any CPU.ActiveCfg = Release|Any CPU
		{C8A3D79F-CF07-BADC-9AF2-81340C43E16B}.Release|Any CPU.Build.0 = Release|Any CPU
		{3EEAC12A-D16A-FD5D-9A29-EBED21E697DD}.Debug|Any CPU.ActiveCfg = Debug|Any CPU
		{3EEAC12A-D16A-FD5D-9A29-EBED21E697DD}.Debug|Any CPU.Build.0 = Debug|Any CPU
		{3EEAC12A-D16A-FD5D-9A29-EBED21E697DD}.Release|Any CPU.ActiveCfg = Release|Any CPU
		{3EEAC12A-D16A-FD5D-9A29-EBED21E697DD}.Release|Any CPU.Build.0 = Release|Any CPU
		{E80F93DE-904D-BB47-2CC0-84885F4572EC}.Debug|Any CPU.ActiveCfg = Debug|Any CPU
		{E80F93DE-904D-BB47-2CC0-84885F4572EC}.Debug|Any CPU.Build.0 = Debug|Any CPU
		{E80F93DE-904D-BB47-2CC0-84885F4572EC}.Release|Any CPU.ActiveCfg = Release|Any CPU
		{E80F93DE-904D-BB47-2CC0-84885F4572EC}.Release|Any CPU.Build.0 = Release|Any CPU
		{3F08CDAE-BBAF-A61A-5F50-EC46E8E10A35}.Debug|Any CPU.ActiveCfg = Debug|Any CPU
		{3F08CDAE-BBAF-A61A-5F50-EC46E8E10A35}.Debug|Any CPU.Build.0 = Debug|Any CPU
		{3F08CDAE-BBAF-A61A-5F50-EC46E8E10A35}.Release|Any CPU.ActiveCfg = Release|Any CPU
		{3F08CDAE-BBAF-A61A-5F50-EC46E8E10A35}.Release|Any CPU.Build.0 = Release|Any CPU
		{49754992-C190-E17F-5D9B-A069BFC075CA}.Debug|Any CPU.ActiveCfg = Debug|Any CPU
		{49754992-C190-E17F-5D9B-A069BFC075CA}.Debug|Any CPU.Build.0 = Debug|Any CPU
		{49754992-C190-E17F-5D9B-A069BFC075CA}.Release|Any CPU.ActiveCfg = Release|Any CPU
		{49754992-C190-E17F-5D9B-A069BFC075CA}.Release|Any CPU.Build.0 = Release|Any CPU
		{FADE0B9B-D0C5-85D3-ADFE-5AA2AB5043D6}.Debug|Any CPU.ActiveCfg = Debug|Any CPU
		{FADE0B9B-D0C5-85D3-ADFE-5AA2AB5043D6}.Debug|Any CPU.Build.0 = Debug|Any CPU
		{FADE0B9B-D0C5-85D3-ADFE-5AA2AB5043D6}.Release|Any CPU.ActiveCfg = Release|Any CPU
		{FADE0B9B-D0C5-85D3-ADFE-5AA2AB5043D6}.Release|Any CPU.Build.0 = Release|Any CPU
		{F7D47453-ED9C-9AF9-9BEC-1920A96EE81F}.Debug|Any CPU.ActiveCfg = Debug|Any CPU
		{F7D47453-ED9C-9AF9-9BEC-1920A96EE81F}.Debug|Any CPU.Build.0 = Debug|Any CPU
		{F7D47453-ED9C-9AF9-9BEC-1920A96EE81F}.Release|Any CPU.ActiveCfg = Release|Any CPU
		{F7D47453-ED9C-9AF9-9BEC-1920A96EE81F}.Release|Any CPU.Build.0 = Release|Any CPU
	EndGlobalSection
	GlobalSection(SolutionProperties) = preSolution
		HideSolutionNode = FALSE
	EndGlobalSection
	GlobalSection(NestedProjects) = preSolution
		{64D36537-EA7D-DD1E-E0B5-4648B3ACD251} = {B02C40AE-2AF0-8150-FC55-8E30FACDCFA3}
		{C8A3D79F-CF07-BADC-9AF2-81340C43E16B} = {31CBEB51-93DC-9CA1-DA8D-67643319BEE1}
		{3EEAC12A-D16A-FD5D-9A29-EBED21E697DD} = {31CBEB51-93DC-9CA1-DA8D-67643319BEE1}
		{E80F93DE-904D-BB47-2CC0-84885F4572EC} = {31CBEB51-93DC-9CA1-DA8D-67643319BEE1}
		{3F08CDAE-BBAF-A61A-5F50-EC46E8E10A35} = {5854FF58-B8C5-05C6-5BF2-ACE42193F22B}
		{49754992-C190-E17F-5D9B-A069BFC075CA} = {5854FF58-B8C5-05C6-5BF2-ACE42193F22B}
		{FADE0B9B-D0C5-85D3-ADFE-5AA2AB5043D6} = {5854FF58-B8C5-05C6-5BF2-ACE42193F22B}
		{F7D47453-ED9C-9AF9-9BEC-1920A96EE81F} = {5854FF58-B8C5-05C6-5BF2-ACE42193F22B}
	EndGlobalSection
	GlobalSection(ExtensibilityGlobals) = postSolution
		SolutionGuid = {D4D9FFA0-C314-4AFA-A740-DADAD689F1F1}
	EndGlobalSection
EndGlobal
